
Microsoft Visual Studio Solution File, Format Version 12.00
# Visual Studio Version 16
VisualStudioVersion = 16.0.32126.311
MinimumVisualStudioVersion = 10.0.40219.1
Project("{FAE04EC0-301F-11D3-BF4B-00C04F79EFBC}") = "UploadFile", "UploadFile\UploadFile.csproj", "{E2189078-6FCF-4E36-9C4C-9A744F9F6B7C}"
EndProject
Global
	GlobalSection(SolutionConfigurationPlatforms) = preSolution
		Debug|Any CPU = Debug|Any CPU
		Release|Any CPU = Release|Any CPU
	EndGlobalSection
	GlobalSection(ProjectConfigurationPlatforms) = postSolution
		{E2189078-6FCF-4E36-9C4C-9A744F9F6B7C}.Debug|Any CPU.ActiveCfg = Debug|Any CPU
		{E2189078-6FCF-4E36-9C4C-9A744F9F6B7C}.Debug|Any CPU.Build.0 = Debug|Any CPU
		{E2189078-6FCF-4E36-9C4C-9A744F9F6B7C}.Release|Any CPU.ActiveCfg = Release|Any CPU
		{E2189078-6FCF-4E36-9C4C-9A744F9F6B7C}.Release|Any CPU.Build.0 = Release|Any CPU
	EndGlobalSection
	GlobalSection(SolutionProperties) = preSolution
		HideSolutionNode = FALSE
	EndGlobalSection
	GlobalSection(ExtensibilityGlobals) = postSolution
		SolutionGuid = {B41B1F77-1B7C-4623-B663-FF3EFCB25B7C}
	EndGlobalSection
EndGlobal
